
Microsoft Visual Studio Solution File, Format Version 12.00
# Visual Studio 15
Project("{FAE04EC0-301F-11D3-BF4B-00C04F79EFBC}") = "UnityEngine.UI", "UnityEngine.UI.csproj", "{D5B66DB6-1E0D-B38C-7F00-3CAD7A837DD4}"
EndProject
Project("{FAE04EC0-301F-11D3-BF4B-00C04F79EFBC}") = "UnityEditor.UI", "UnityEditor.UI.csproj", "{065C55B4-F7EC-81BD-DFAB-A7928E032C9F}"
EndProject
Global
	GlobalSection(SolutionConfigurationPlatforms) = preSolution
		Debug|Any CPU = Debug|Any CPU
		Release|Any CPU = Release|Any CPU
	EndGlobalSection
	GlobalSection(ProjectConfigurationPlatforms) = postSolution
		{D5B66DB6-1E0D-B38C-7F00-3CAD7A837DD4}.Debug|Any CPU.ActiveCfg = Debug|Any CPU
		{D5B66DB6-1E0D-B38C-7F00-3CAD7A837DD4}.Debug|Any CPU.Build.0 = Debug|Any CPU
		{D5B66DB6-1E0D-B38C-7F00-3CAD7A837DD4}.Release|Any CPU.ActiveCfg = Release|Any CPU
		{D5B66DB6-1E0D-B38C-7F00-3CAD7A837DD4}.Release|Any CPU.Build.0 = Release|Any CPU
		{065C55B4-F7EC-81BD-DFAB-A7928E032C9F}.Debug|Any CPU.ActiveCfg = Debug|Any CPU
		{065C55B4-F7EC-81BD-DFAB-A7928E032C9F}.Debug|Any CPU.Build.0 = Debug|Any CPU
		{065C55B4-F7EC-81BD-DFAB-A7928E032C9F}.Release|Any CPU.ActiveCfg = Release|Any CPU
		{065C55B4-F7EC-81BD-DFAB-A7928E032C9F}.Release|Any CPU.Build.0 = Release|Any CPU
	EndGlobalSection
	GlobalSection(SolutionProperties) = preSolution
		HideSolutionNode = FALSE
	EndGlobalSection
EndGlobal
